{"filter":false,"title":"Gemfile.lock","tooltip":"/Gemfile.lock","undoManager":{"mark":-1,"position":-1,"stack":[]},"ace":{"folds":[],"scrolltop":3540,"scrollleft":0,"selection":{"start":{"row":268,"column":4},"end":{"row":268,"column":26},"isBackwards":false},"options":{"guessTabSize":true,"useWrapMode":false,"wrapToView":true},"firstLineState":{"row":62,"state":"start","mode":"ace/mode/text"}},"timestamp":1586197419327,"hash":"d9165d197032b4fde5cb8cbb78e51466463b308f"}