{"filter":false,"title":"Gemfile.lock","tooltip":"/Gemfile.lock","undoManager":{"mark":0,"position":0,"stack":[[{"start":{"row":3,"column":21},"end":{"row":3,"column":22},"action":"remove","lines":["7"],"id":2},{"start":{"row":3,"column":21},"end":{"row":3,"column":22},"action":"insert","lines":["6"]},{"start":{"row":4,"column":24},"end":{"row":4,"column":25},"action":"remove","lines":["7"]},{"start":{"row":4,"column":24},"end":{"row":4,"column":25},"action":"insert","lines":["6"]},{"start":{"row":7,"column":22},"end":{"row":7,"column":23},"action":"remove","lines":["7"]},{"start":{"row":7,"column":22},"end":{"row":7,"column":23},"action":"insert","lines":["6"]},{"start":{"row":8,"column":24},"end":{"row":8,"column":25},"action":"remove","lines":["7"]},{"start":{"row":8,"column":24},"end":{"row":8,"column":25},"action":"insert","lines":["6"]},{"start":{"row":9,"column":24},"end":{"row":9,"column":25},"action":"remove","lines":["7"]},{"start":{"row":9,"column":24},"end":{"row":9,"column":25},"action":"insert","lines":["6"]},{"start":{"row":10,"column":23},"end":{"row":10,"column":24},"action":"remove","lines":["7"]},{"start":{"row":10,"column":23},"end":{"row":10,"column":24},"action":"insert","lines":["6"]},{"start":{"row":13,"column":20},"end":{"row":13,"column":21},"action":"remove","lines":["7"]},{"start":{"row":13,"column":20},"end":{"row":13,"column":21},"action":"insert","lines":["6"]},{"start":{"row":14,"column":24},"end":{"row":14,"column":25},"action":"remove","lines":["7"]},{"start":{"row":14,"column":24},"end":{"row":14,"column":25},"action":"insert","lines":["6"]},{"start":{"row":15,"column":27},"end":{"row":15,"column":28},"action":"remove","lines":["7"]},{"start":{"row":15,"column":27},"end":{"row":15,"column":28},"action":"insert","lines":["6"]},{"start":{"row":20,"column":20},"end":{"row":20,"column":21},"action":"remove","lines":["7"]},{"start":{"row":20,"column":20},"end":{"row":20,"column":21},"action":"insert","lines":["6"]},{"start":{"row":21,"column":27},"end":{"row":21,"column":28},"action":"remove","lines":["7"]},{"start":{"row":21,"column":27},"end":{"row":21,"column":28},"action":"insert","lines":["6"]},{"start":{"row":26,"column":19},"end":{"row":26,"column":20},"action":"remove","lines":["7"]},{"start":{"row":26,"column":19},"end":{"row":26,"column":20},"action":"insert","lines":["6"]},{"start":{"row":27,"column":27},"end":{"row":27,"column":28},"action":"remove","lines":["7"]},{"start":{"row":27,"column":27},"end":{"row":27,"column":28},"action":"insert","lines":["6"]},{"start":{"row":29,"column":21},"end":{"row":29,"column":22},"action":"remove","lines":["7"]},{"start":{"row":29,"column":21},"end":{"row":29,"column":22},"action":"insert","lines":["6"]},{"start":{"row":30,"column":27},"end":{"row":30,"column":28},"action":"remove","lines":["7"]},{"start":{"row":30,"column":27},"end":{"row":30,"column":28},"action":"insert","lines":["6"]},{"start":{"row":31,"column":22},"end":{"row":31,"column":23},"action":"remove","lines":["7"]},{"start":{"row":31,"column":22},"end":{"row":31,"column":23},"action":"insert","lines":["6"]},{"start":{"row":32,"column":25},"end":{"row":32,"column":26},"action":"remove","lines":["7"]},{"start":{"row":32,"column":25},"end":{"row":32,"column":26},"action":"insert","lines":["6"]},{"start":{"row":33,"column":27},"end":{"row":33,"column":28},"action":"remove","lines":["7"]},{"start":{"row":33,"column":27},"end":{"row":33,"column":28},"action":"insert","lines":["6"]},{"start":{"row":35,"column":23},"end":{"row":35,"column":24},"action":"remove","lines":["7"]},{"start":{"row":35,"column":23},"end":{"row":35,"column":24},"action":"insert","lines":["6"]},{"start":{"row":155,"column":15},"end":{"row":155,"column":16},"action":"remove","lines":["7"]},{"start":{"row":155,"column":15},"end":{"row":155,"column":16},"action":"insert","lines":["6"]},{"start":{"row":156,"column":25},"end":{"row":156,"column":26},"action":"remove","lines":["7"]},{"start":{"row":156,"column":25},"end":{"row":156,"column":26},"action":"insert","lines":["6"]},{"start":{"row":157,"column":26},"end":{"row":157,"column":27},"action":"remove","lines":["7"]},{"start":{"row":157,"column":26},"end":{"row":157,"column":27},"action":"insert","lines":["6"]},{"start":{"row":158,"column":24},"end":{"row":158,"column":25},"action":"remove","lines":["7"]},{"start":{"row":158,"column":24},"end":{"row":158,"column":25},"action":"insert","lines":["6"]},{"start":{"row":159,"column":24},"end":{"row":159,"column":25},"action":"remove","lines":["7"]},{"start":{"row":159,"column":24},"end":{"row":159,"column":25},"action":"insert","lines":["6"]},{"start":{"row":160,"column":23},"end":{"row":160,"column":24},"action":"remove","lines":["7"]},{"start":{"row":160,"column":23},"end":{"row":160,"column":24},"action":"insert","lines":["6"]},{"start":{"row":161,"column":25},"end":{"row":161,"column":26},"action":"remove","lines":["7"]},{"start":{"row":161,"column":25},"end":{"row":161,"column":26},"action":"insert","lines":["6"]},{"start":{"row":162,"column":26},"end":{"row":162,"column":27},"action":"remove","lines":["7"]},{"start":{"row":162,"column":26},"end":{"row":162,"column":27},"action":"insert","lines":["6"]},{"start":{"row":163,"column":27},"end":{"row":163,"column":28},"action":"remove","lines":["7"]},{"start":{"row":163,"column":27},"end":{"row":163,"column":28},"action":"insert","lines":["6"]},{"start":{"row":165,"column":22},"end":{"row":165,"column":23},"action":"remove","lines":["7"]},{"start":{"row":165,"column":22},"end":{"row":165,"column":23},"action":"insert","lines":["6"]},{"start":{"row":172,"column":18},"end":{"row":172,"column":19},"action":"remove","lines":["7"]},{"start":{"row":172,"column":18},"end":{"row":172,"column":19},"action":"insert","lines":["6"]},{"start":{"row":173,"column":24},"end":{"row":173,"column":25},"action":"remove","lines":["7"]},{"start":{"row":173,"column":24},"end":{"row":173,"column":25},"action":"insert","lines":["6"]},{"start":{"row":174,"column":27},"end":{"row":174,"column":28},"action":"remove","lines":["7"]},{"start":{"row":174,"column":27},"end":{"row":174,"column":28},"action":"insert","lines":["6"]},{"start":{"row":264,"column":9},"end":{"row":264,"column":11},"action":"remove","lines":["~>"]},{"start":{"row":264,"column":9},"end":{"row":264,"column":10},"action":"insert","lines":["="]},{"start":{"row":264,"column":17},"end":{"row":265,"column":10},"action":"insert","lines":["","  railties"]}]]},"ace":{"folds":[],"scrolltop":1020,"scrollleft":0,"selection":{"start":{"row":0,"column":0},"end":{"row":0,"column":0},"isBackwards":false},"options":{"guessTabSize":true,"useWrapMode":false,"wrapToView":true},"firstLineState":{"row":67,"state":"start","mode":"ace/mode/text"}},"timestamp":1585333192502,"hash":"d7622da58c12391c625a2b68412e123f3f7c55a2"}