{"filter":false,"title":"Gemfile.lock","tooltip":"/Gemfile.lock","undoManager":{"mark":-1,"position":-1,"stack":[]},"ace":{"folds":[],"scrolltop":4414,"scrollleft":0,"selection":{"start":{"row":278,"column":4},"end":{"row":278,"column":19},"isBackwards":false},"options":{"guessTabSize":true,"useWrapMode":false,"wrapToView":true},"firstLineState":{"row":258,"state":"start","mode":"ace/mode/text"}},"timestamp":1589673114580,"hash":"512cb5fd85860931fe73a6f351011a0a52f9008a"}